
Microsoft Visual Studio Solution File, Format Version 12.00
# Visual Studio Version 17
VisualStudioVersion = 17.8.34601.278
MinimumVisualStudioVersion = 10.0.40219.1
Project("{FAE04EC0-301F-11D3-BF4B-00C04F79EFBC}") = "Guessing Game", "Guessing Game\Guessing Game.csproj", "{348D34CB-A384-4EDF-8DC6-0860BE46F264}"
EndProject
Global
	GlobalSection(SolutionConfigurationPlatforms) = preSolution
		Debug|Any CPU = Debug|Any CPU
		Release|Any CPU = Release|Any CPU
	EndGlobalSection
	GlobalSection(ProjectConfigurationPlatforms) = postSolution
		{348D34CB-A384-4EDF-8DC6-0860BE46F264}.Debug|Any CPU.ActiveCfg = Debug|Any CPU
		{348D34CB-A384-4EDF-8DC6-0860BE46F264}.Debug|Any CPU.Build.0 = Debug|Any CPU
		{348D34CB-A384-4EDF-8DC6-0860BE46F264}.Release|Any CPU.ActiveCfg = Release|Any CPU
		{348D34CB-A384-4EDF-8DC6-0860BE46F264}.Release|Any CPU.Build.0 = Release|Any CPU
	EndGlobalSection
	GlobalSection(SolutionProperties) = preSolution
		HideSolutionNode = FALSE
	EndGlobalSection
	GlobalSection(ExtensibilityGlobals) = postSolution
		SolutionGuid = {84D2F2AF-98CC-4CBD-A311-2DD2C22EE851}
	EndGlobalSection
EndGlobal
